
Microsoft Visual Studio Solution File, Format Version 12.00
# Visual Studio Version 17
VisualStudioVersion = 17.5.33516.290
MinimumVisualStudioVersion = 10.0.40219.1
Project("{FAE04EC0-301F-11D3-BF4B-00C04F79EFBC}") = "CalculadoraEdwingChin_23AM", "CalculadoraEdwingChin_23AM\CalculadoraEdwingChin_23AM.csproj", "{9CA76895-0B93-4875-98F7-0094D0F23694}"
EndProject
Global
	GlobalSection(SolutionConfigurationPlatforms) = preSolution
		Debug|Any CPU = Debug|Any CPU
		Release|Any CPU = Release|Any CPU
	EndGlobalSection
	GlobalSection(ProjectConfigurationPlatforms) = postSolution
		{9CA76895-0B93-4875-98F7-0094D0F23694}.Debug|Any CPU.ActiveCfg = Debug|Any CPU
		{9CA76895-0B93-4875-98F7-0094D0F23694}.Debug|Any CPU.Build.0 = Debug|Any CPU
		{9CA76895-0B93-4875-98F7-0094D0F23694}.Release|Any CPU.ActiveCfg = Release|Any CPU
		{9CA76895-0B93-4875-98F7-0094D0F23694}.Release|Any CPU.Build.0 = Release|Any CPU
	EndGlobalSection
	GlobalSection(SolutionProperties) = preSolution
		HideSolutionNode = FALSE
	EndGlobalSection
	GlobalSection(ExtensibilityGlobals) = postSolution
		SolutionGuid = {4550B72F-272D-47C7-AAB9-FB4112DEAD07}
	EndGlobalSection
EndGlobal
